
Microsoft Visual Studio Solution File, Format Version 12.00
# Visual Studio Version 16
VisualStudioVersion = 16.0.30011.22
MinimumVisualStudioVersion = 10.0.40219.1
Project("{FAE04EC0-301F-11D3-BF4B-00C04F79EFBC}") = "BehaviorPatterns", "BehaviorPatterns\BehaviorPatterns.csproj", "{D331A896-3D71-4478-AEB9-E9C3CE57C8D4}"
EndProject
Project("{FAE04EC0-301F-11D3-BF4B-00C04F79EFBC}") = "StructuralPatterns", "StructuralPatterns\StructuralPatterns.csproj", "{B82AEDCD-05B3-47A3-9A35-8213F4C0AB72}"
EndProject
Project("{FAE04EC0-301F-11D3-BF4B-00C04F79EFBC}") = "CreationPatterns", "CreationPatterns\CreationPatterns.csproj", "{CB54BEEE-871F-40DC-96D2-BB56C0CB31B1}"
EndProject
Global
	GlobalSection(SolutionConfigurationPlatforms) = preSolution
		Debug|Any CPU = Debug|Any CPU
		Release|Any CPU = Release|Any CPU
	EndGlobalSection
	GlobalSection(ProjectConfigurationPlatforms) = postSolution
		{D331A896-3D71-4478-AEB9-E9C3CE57C8D4}.Debug|Any CPU.ActiveCfg = Debug|Any CPU
		{D331A896-3D71-4478-AEB9-E9C3CE57C8D4}.Debug|Any CPU.Build.0 = Debug|Any CPU
		{D331A896-3D71-4478-AEB9-E9C3CE57C8D4}.Release|Any CPU.ActiveCfg = Release|Any CPU
		{D331A896-3D71-4478-AEB9-E9C3CE57C8D4}.Release|Any CPU.Build.0 = Release|Any CPU
		{B82AEDCD-05B3-47A3-9A35-8213F4C0AB72}.Debug|Any CPU.ActiveCfg = Debug|Any CPU
		{B82AEDCD-05B3-47A3-9A35-8213F4C0AB72}.Debug|Any CPU.Build.0 = Debug|Any CPU
		{B82AEDCD-05B3-47A3-9A35-8213F4C0AB72}.Release|Any CPU.ActiveCfg = Release|Any CPU
		{B82AEDCD-05B3-47A3-9A35-8213F4C0AB72}.Release|Any CPU.Build.0 = Release|Any CPU
		{CB54BEEE-871F-40DC-96D2-BB56C0CB31B1}.Debug|Any CPU.ActiveCfg = Debug|Any CPU
		{CB54BEEE-871F-40DC-96D2-BB56C0CB31B1}.Debug|Any CPU.Build.0 = Debug|Any CPU
		{CB54BEEE-871F-40DC-96D2-BB56C0CB31B1}.Release|Any CPU.ActiveCfg = Release|Any CPU
		{CB54BEEE-871F-40DC-96D2-BB56C0CB31B1}.Release|Any CPU.Build.0 = Release|Any CPU
	EndGlobalSection
	GlobalSection(SolutionProperties) = preSolution
		HideSolutionNode = FALSE
	EndGlobalSection
	GlobalSection(ExtensibilityGlobals) = postSolution
		SolutionGuid = {563226CB-63E7-431A-BB9C-1D9520478871}
	EndGlobalSection
EndGlobal
